
Microsoft Visual Studio Solution File, Format Version 12.00
# Visual Studio 2013
VisualStudioVersion = 12.0.40629.0
MinimumVisualStudioVersion = 10.0.40219.1
Project("{2150E333-8FDC-42A3-9474-1A3956D46DE8}") = "Solution Items", "Solution Items", "{4FF59239-EAAB-4FA5-85D6-780425A592A6}"
	ProjectSection(SolutionItems) = preProject
		nuget.config = nuget.config
		VersionInfo.cs = VersionInfo.cs
	EndProjectSection
EndProject
Project("{FAE04EC0-301F-11D3-BF4B-00C04F79EFBC}") = "OpenRetail.App", "OpenRetail.App\OpenRetail.App.csproj", "{C797EA1B-E0B1-4A57-8906-CF7C621E60EC}"
EndProject
Project("{FAE04EC0-301F-11D3-BF4B-00C04F79EFBC}") = "OpenRetail.Model", "OpenRetail.Model\OpenRetail.Model.csproj", "{6B9CABAD-1A6C-4323-8548-BD5F3C12613C}"
EndProject
Project("{FAE04EC0-301F-11D3-BF4B-00C04F79EFBC}") = "OpenRetail.Repository.Api", "OpenRetail.Repository.Api\OpenRetail.Repository.Api.csproj", "{981AF3C6-F601-45AD-9F33-ABBC7CC1F00F}"
EndProject
Project("{FAE04EC0-301F-11D3-BF4B-00C04F79EFBC}") = "OpenRetail.Repository.Service", "OpenRetail.Repository.Service\OpenRetail.Repository.Service.csproj", "{FFEF9DEE-C608-4160-BAEC-1723185677F6}"
EndProject
Project("{FAE04EC0-301F-11D3-BF4B-00C04F79EFBC}") = "OpenRetail.Bll.Api", "OpenRetail.Bll.Api\OpenRetail.Bll.Api.csproj", "{24E6FAE6-2F30-4B86-BBE7-4C88FB631956}"
EndProject
Project("{FAE04EC0-301F-11D3-BF4B-00C04F79EFBC}") = "OpenRetail.Bll.Service", "OpenRetail.Bll.Service\OpenRetail.Bll.Service.csproj", "{2A5E29AE-358A-4129-B28A-9A1425A90DE0}"
EndProject
Project("{FAE04EC0-301F-11D3-BF4B-00C04F79EFBC}") = "OpenRetail.Bll.Service.UnitTest", "OpenRetail.Bll.Service.UnitTest\OpenRetail.Bll.Service.UnitTest.csproj", "{A96A2C8C-B335-4B27-A11A-CF0098E9AB12}"
EndProject
Project("{FAE04EC0-301F-11D3-BF4B-00C04F79EFBC}") = "OpenRetail.Report", "OpenRetail.Report\OpenRetail.Report.csproj", "{0619DAD4-44FE-48AC-BCC9-6F1115574E1D}"
EndProject
Project("{FAE04EC0-301F-11D3-BF4B-00C04F79EFBC}") = "OpenRetail.Helper", "OpenRetail.Helper\OpenRetail.Helper.csproj", "{3316E651-8404-4CD4-A132-2B013489DE67}"
EndProject
Project("{FAE04EC0-301F-11D3-BF4B-00C04F79EFBC}") = "OpenRetail.App.Cashier", "OpenRetail.App.Cashier\OpenRetail.App.Cashier.csproj", "{5BF4963A-6DA4-4CE0-A2CE-D8088438F009}"
EndProject
Global
	GlobalSection(SolutionConfigurationPlatforms) = preSolution
		Debug|Any CPU = Debug|Any CPU
		Release|Any CPU = Release|Any CPU
	EndGlobalSection
	GlobalSection(ProjectConfigurationPlatforms) = postSolution
		{6B9CABAD-1A6C-4323-8548-BD5F3C12613C}.Debug|Any CPU.ActiveCfg = Debug|Any CPU
		{6B9CABAD-1A6C-4323-8548-BD5F3C12613C}.Debug|Any CPU.Build.0 = Debug|Any CPU
		{6B9CABAD-1A6C-4323-8548-BD5F3C12613C}.Release|Any CPU.ActiveCfg = Release|Any CPU
		{6B9CABAD-1A6C-4323-8548-BD5F3C12613C}.Release|Any CPU.Build.0 = Release|Any CPU
		{981AF3C6-F601-45AD-9F33-ABBC7CC1F00F}.Debug|Any CPU.ActiveCfg = Debug|Any CPU
		{981AF3C6-F601-45AD-9F33-ABBC7CC1F00F}.Debug|Any CPU.Build.0 = Debug|Any CPU
		{981AF3C6-F601-45AD-9F33-ABBC7CC1F00F}.Release|Any CPU.ActiveCfg = Release|Any CPU
		{981AF3C6-F601-45AD-9F33-ABBC7CC1F00F}.Release|Any CPU.Build.0 = Release|Any CPU
		{FFEF9DEE-C608-4160-BAEC-1723185677F6}.Debug|Any CPU.ActiveCfg = Debug|Any CPU
		{FFEF9DEE-C608-4160-BAEC-1723185677F6}.Debug|Any CPU.Build.0 = Debug|Any CPU
		{FFEF9DEE-C608-4160-BAEC-1723185677F6}.Release|Any CPU.ActiveCfg = Release|Any CPU
		{FFEF9DEE-C608-4160-BAEC-1723185677F6}.Release|Any CPU.Build.0 = Release|Any CPU
		{24E6FAE6-2F30-4B86-BBE7-4C88FB631956}.Debug|Any CPU.ActiveCfg = Debug|Any CPU
		{24E6FAE6-2F30-4B86-BBE7-4C88FB631956}.Debug|Any CPU.Build.0 = Debug|Any CPU
		{24E6FAE6-2F30-4B86-BBE7-4C88FB631956}.Release|Any CPU.ActiveCfg = Release|Any CPU
		{24E6FAE6-2F30-4B86-BBE7-4C88FB631956}.Release|Any CPU.Build.0 = Release|Any CPU
		{2A5E29AE-358A-4129-B28A-9A1425A90DE0}.Debug|Any CPU.ActiveCfg = Debug|Any CPU
		{2A5E29AE-358A-4129-B28A-9A1425A90DE0}.Debug|Any CPU.Build.0 = Debug|Any CPU
		{2A5E29AE-358A-4129-B28A-9A1425A90DE0}.Release|Any CPU.ActiveCfg = Release|Any CPU
		{2A5E29AE-358A-4129-B28A-9A1425A90DE0}.Release|Any CPU.Build.0 = Release|Any CPU
		{A96A2C8C-B335-4B27-A11A-CF0098E9AB12}.Debug|Any CPU.ActiveCfg = Debug|Any CPU
		{A96A2C8C-B335-4B27-A11A-CF0098E9AB12}.Debug|Any CPU.Build.0 = Debug|Any CPU
		{A96A2C8C-B335-4B27-A11A-CF0098E9AB12}.Release|Any CPU.ActiveCfg = Release|Any CPU
		{A96A2C8C-B335-4B27-A11A-CF0098E9AB12}.Release|Any CPU.Build.0 = Release|Any CPU
		{C797EA1B-E0B1-4A57-8906-CF7C621E60EC}.Debug|Any CPU.ActiveCfg = Debug|Any CPU
		{C797EA1B-E0B1-4A57-8906-CF7C621E60EC}.Debug|Any CPU.Build.0 = Debug|Any CPU
		{C797EA1B-E0B1-4A57-8906-CF7C621E60EC}.Release|Any CPU.ActiveCfg = Release|Any CPU
		{C797EA1B-E0B1-4A57-8906-CF7C621E60EC}.Release|Any CPU.Build.0 = Release|Any CPU
		{0619DAD4-44FE-48AC-BCC9-6F1115574E1D}.Debug|Any CPU.ActiveCfg = Debug|Any CPU
		{0619DAD4-44FE-48AC-BCC9-6F1115574E1D}.Debug|Any CPU.Build.0 = Debug|Any CPU
		{0619DAD4-44FE-48AC-BCC9-6F1115574E1D}.Release|Any CPU.ActiveCfg = Release|Any CPU
		{0619DAD4-44FE-48AC-BCC9-6F1115574E1D}.Release|Any CPU.Build.0 = Release|Any CPU
		{3316E651-8404-4CD4-A132-2B013489DE67}.Debug|Any CPU.ActiveCfg = Debug|Any CPU
		{3316E651-8404-4CD4-A132-2B013489DE67}.Debug|Any CPU.Build.0 = Debug|Any CPU
		{3316E651-8404-4CD4-A132-2B013489DE67}.Release|Any CPU.ActiveCfg = Release|Any CPU
		{3316E651-8404-4CD4-A132-2B013489DE67}.Release|Any CPU.Build.0 = Release|Any CPU
		{5BF4963A-6DA4-4CE0-A2CE-D8088438F009}.Debug|Any CPU.ActiveCfg = Debug|Any CPU
		{5BF4963A-6DA4-4CE0-A2CE-D8088438F009}.Debug|Any CPU.Build.0 = Debug|Any CPU
		{5BF4963A-6DA4-4CE0-A2CE-D8088438F009}.Release|Any CPU.ActiveCfg = Release|Any CPU
		{5BF4963A-6DA4-4CE0-A2CE-D8088438F009}.Release|Any CPU.Build.0 = Release|Any CPU
	EndGlobalSection
	GlobalSection(SolutionProperties) = preSolution
		HideSolutionNode = FALSE
	EndGlobalSection
EndGlobal
